// !$*UTF8*$!
{
	archiveVersion = 1;
	classes = {
	};
	objectVersion = 50;
	objects = {

/* Begin PBXBuildFile section */
		CF51A77B226431BE007F3DAE /* stationDetailsTVCell.swift in Sources */ = {isa = PBXBuildFile; fileRef = CF51A779226431BE007F3DAE /* stationDetailsTVCell.swift */; };
		CF51A77C226431BE007F3DAE /* stationDetailsTVCell.xib in Resources */ = {isa = PBXBuildFile; fileRef = CF51A77A226431BE007F3DAE /* stationDetailsTVCell.xib */; };
		CF51A77E22643357007F3DAE /* StationDetail.swift in Sources */ = {isa = PBXBuildFile; fileRef = CF51A77D22643357007F3DAE /* StationDetail.swift */; };
		CF51A783226447FF007F3DAE /* Simulator Screen Shot - iPhone Xs - 2019-04-15 at 00.58.04.png in Resources */ = {isa = PBXBuildFile; fileRef = CF51A780226447FF007F3DAE /* Simulator Screen Shot - iPhone Xs - 2019-04-15 at 00.58.04.png */; };
		CF51A784226447FF007F3DAE /* img2.png in Resources */ = {isa = PBXBuildFile; fileRef = CF51A781226447FF007F3DAE /* img2.png */; };
		CF51A785226447FF007F3DAE /* img1.png in Resources */ = {isa = PBXBuildFile; fileRef = CF51A782226447FF007F3DAE /* img1.png */; };
		CF51A79F2264480B007F3DAE /* synchronossChallengeIcon.png in Resources */ = {isa = PBXBuildFile; fileRef = CF51A7882264480B007F3DAE /* synchronossChallengeIcon.png */; };
		CF51A7A02264480B007F3DAE /* iTunesArtwork@1x.png in Resources */ = {isa = PBXBuildFile; fileRef = CF51A78A2264480B007F3DAE /* iTunesArtwork@1x.png */; };
		CF51A7A12264480B007F3DAE /* Icon-App-76x76@2x.png in Resources */ = {isa = PBXBuildFile; fileRef = CF51A78C2264480B007F3DAE /* Icon-App-76x76@2x.png */; };
		CF51A7A22264480B007F3DAE /* Icon-App-29x29@1x.png in Resources */ = {isa = PBXBuildFile; fileRef = CF51A78D2264480B007F3DAE /* Icon-App-29x29@1x.png */; };
		CF51A7A32264480B007F3DAE /* Icon-App-40x40@1x.png in Resources */ = {isa = PBXBuildFile; fileRef = CF51A78E2264480B007F3DAE /* Icon-App-40x40@1x.png */; };
		CF51A7A42264480B007F3DAE /* Icon-App-20x20@1x.png in Resources */ = {isa = PBXBuildFile; fileRef = CF51A78F2264480B007F3DAE /* Icon-App-20x20@1x.png */; };
		CF51A7A52264480B007F3DAE /* Icon-App-83.5x83.5@2x.png in Resources */ = {isa = PBXBuildFile; fileRef = CF51A7902264480B007F3DAE /* Icon-App-83.5x83.5@2x.png */; };
		CF51A7A62264480B007F3DAE /* Icon-App-20x20@3x.png in Resources */ = {isa = PBXBuildFile; fileRef = CF51A7912264480B007F3DAE /* Icon-App-20x20@3x.png */; };
		CF51A7A72264480B007F3DAE /* ItunesArtwork@2x.png in Resources */ = {isa = PBXBuildFile; fileRef = CF51A7922264480B007F3DAE /* ItunesArtwork@2x.png */; };
		CF51A7A82264480B007F3DAE /* Contents.json in Resources */ = {isa = PBXBuildFile; fileRef = CF51A7932264480B007F3DAE /* Contents.json */; };
		CF51A7A92264480B007F3DAE /* Icon-App-20x20@2x.png in Resources */ = {isa = PBXBuildFile; fileRef = CF51A7942264480B007F3DAE /* Icon-App-20x20@2x.png */; };
		CF51A7AA2264480B007F3DAE /* Icon-App-29x29@3x.png in Resources */ = {isa = PBXBuildFile; fileRef = CF51A7952264480B007F3DAE /* Icon-App-29x29@3x.png */; };
		CF51A7AB2264480B007F3DAE /* Icon-App-40x40@2x.png in Resources */ = {isa = PBXBuildFile; fileRef = CF51A7962264480B007F3DAE /* Icon-App-40x40@2x.png */; };
		CF51A7AC2264480B007F3DAE /* Icon-App-60x60@3x.png in Resources */ = {isa = PBXBuildFile; fileRef = CF51A7972264480B007F3DAE /* Icon-App-60x60@3x.png */; };
		CF51A7AD2264480B007F3DAE /* Icon-App-60x60@2x.png in Resources */ = {isa = PBXBuildFile; fileRef = CF51A7982264480B007F3DAE /* Icon-App-60x60@2x.png */; };
		CF51A7AE2264480B007F3DAE /* Icon-App-76x76@1x.png in Resources */ = {isa = PBXBuildFile; fileRef = CF51A7992264480B007F3DAE /* Icon-App-76x76@1x.png */; };
		CF51A7AF2264480B007F3DAE /* Icon-App-40x40@3x.png in Resources */ = {isa = PBXBuildFile; fileRef = CF51A79A2264480B007F3DAE /* Icon-App-40x40@3x.png */; };
		CF51A7B02264480B007F3DAE /* Icon-App-29x29@2x.png in Resources */ = {isa = PBXBuildFile; fileRef = CF51A79B2264480B007F3DAE /* Icon-App-29x29@2x.png */; };
		CF51A7B12264480B007F3DAE /* iTunesArtwork@2x.png in Resources */ = {isa = PBXBuildFile; fileRef = CF51A79C2264480B007F3DAE /* iTunesArtwork@2x.png */; };
		CF51A7B22264480B007F3DAE /* iTunesArtwork@3x.png in Resources */ = {isa = PBXBuildFile; fileRef = CF51A79D2264480B007F3DAE /* iTunesArtwork@3x.png */; };
		CF51A7B32264480B007F3DAE /* SynchronossCodingChallengeIcon.sketch in Resources */ = {isa = PBXBuildFile; fileRef = CF51A79E2264480B007F3DAE /* SynchronossCodingChallengeIcon.sketch */; };
		CF9ECCD32263CF4700114FE7 /* AppDelegate.swift in Sources */ = {isa = PBXBuildFile; fileRef = CF9ECCD22263CF4700114FE7 /* AppDelegate.swift */; };
		CF9ECCD52263CF4700114FE7 /* StationsVC.swift in Sources */ = {isa = PBXBuildFile; fileRef = CF9ECCD42263CF4700114FE7 /* StationsVC.swift */; };
		CF9ECCD82263CF4700114FE7 /* Main.storyboard in Resources */ = {isa = PBXBuildFile; fileRef = CF9ECCD62263CF4700114FE7 /* Main.storyboard */; };
		CF9ECCDA2263CF4700114FE7 /* Assets.xcassets in Resources */ = {isa = PBXBuildFile; fileRef = CF9ECCD92263CF4700114FE7 /* Assets.xcassets */; };
		CF9ECCDD2263CF4700114FE7 /* LaunchScreen.storyboard in Resources */ = {isa = PBXBuildFile; fileRef = CF9ECCDB2263CF4700114FE7 /* LaunchScreen.storyboard */; };
		CF9ECCF02263E05300114FE7 /* BackendAPI.swift in Sources */ = {isa = PBXBuildFile; fileRef = CF9ECCEF2263E05300114FE7 /* BackendAPI.swift */; };
		CF9ECCF32263ECEB00114FE7 /* Station.swift in Sources */ = {isa = PBXBuildFile; fileRef = CF9ECCF22263ECEB00114FE7 /* Station.swift */; };
		CF9ECCF62263ED8B00114FE7 /* XMLIndexer+XMLIndexerDeserializable.swift in Sources */ = {isa = PBXBuildFile; fileRef = CF9ECCF42263ED8B00114FE7 /* XMLIndexer+XMLIndexerDeserializable.swift */; };
		CF9ECCF72263ED8B00114FE7 /* SWXMLHash.swift in Sources */ = {isa = PBXBuildFile; fileRef = CF9ECCF52263ED8B00114FE7 /* SWXMLHash.swift */; };
		CF9ECCF92263ED9900114FE7 /* shim.swift in Sources */ = {isa = PBXBuildFile; fileRef = CF9ECCF82263ED9900114FE7 /* shim.swift */; };
		CF9ECCFC2263EF6200114FE7 /* StationsViewModel.swift in Sources */ = {isa = PBXBuildFile; fileRef = CF9ECCFB2263EF6200114FE7 /* StationsViewModel.swift */; };
		CF9ECD002263FB0400114FE7 /* stationsTVCell.swift in Sources */ = {isa = PBXBuildFile; fileRef = CF9ECCFE2263FB0400114FE7 /* stationsTVCell.swift */; };
		CF9ECD012263FB0400114FE7 /* stationsTVCell.xib in Resources */ = {isa = PBXBuildFile; fileRef = CF9ECCFF2263FB0400114FE7 /* stationsTVCell.xib */; };
		CF9ECD042264094A00114FE7 /* StationsDetailsVC.swift in Sources */ = {isa = PBXBuildFile; fileRef = CF9ECD032264094A00114FE7 /* StationsDetailsVC.swift */; };
		CF9ECD0622641E2100114FE7 /* StationsDetailsViewModel.swift in Sources */ = {isa = PBXBuildFile; fileRef = CF9ECD0522641E2100114FE7 /* StationsDetailsViewModel.swift */; };
		CF9ECD09226421EB00114FE7 /* Extensions.swift in Sources */ = {isa = PBXBuildFile; fileRef = CF9ECD08226421EB00114FE7 /* Extensions.swift */; };
		CF9ECD0B22642D0600114FE7 /* README.md in Resources */ = {isa = PBXBuildFile; fileRef = CF9ECD0A22642D0600114FE7 /* README.md */; };
/* End PBXBuildFile section */

/* Begin PBXFileReference section */
		CF51A779226431BE007F3DAE /* stationDetailsTVCell.swift */ = {isa = PBXFileReference; lastKnownFileType = sourcecode.swift; path = stationDetailsTVCell.swift; sourceTree = "<group>"; };
		CF51A77A226431BE007F3DAE /* stationDetailsTVCell.xib */ = {isa = PBXFileReference; lastKnownFileType = file.xib; path = stationDetailsTVCell.xib; sourceTree = "<group>"; };
		CF51A77D22643357007F3DAE /* StationDetail.swift */ = {isa = PBXFileReference; lastKnownFileType = sourcecode.swift; path = StationDetail.swift; sourceTree = "<group>"; };
		CF51A780226447FF007F3DAE /* Simulator Screen Shot - iPhone Xs - 2019-04-15 at 00.58.04.png */ = {isa = PBXFileReference; lastKnownFileType = image.png; path = "Simulator Screen Shot - iPhone Xs - 2019-04-15 at 00.58.04.png"; sourceTree = "<group>"; };
		CF51A781226447FF007F3DAE /* img2.png */ = {isa = PBXFileReference; lastKnownFileType = image.png; path = img2.png; sourceTree = "<group>"; };
		CF51A782226447FF007F3DAE /* img1.png */ = {isa = PBXFileReference; lastKnownFileType = image.png; path = img1.png; sourceTree = "<group>"; };
		CF51A7882264480B007F3DAE /* synchronossChallengeIcon.png */ = {isa = PBXFileReference; lastKnownFileType = image.png; path = synchronossChallengeIcon.png; sourceTree = "<group>"; };
		CF51A78A2264480B007F3DAE /* iTunesArtwork@1x.png */ = {isa = PBXFileReference; lastKnownFileType = image.png; path = "iTunesArtwork@1x.png"; sourceTree = "<group>"; };
		CF51A78C2264480B007F3DAE /* Icon-App-76x76@2x.png */ = {isa = PBXFileReference; lastKnownFileType = image.png; path = "Icon-App-76x76@2x.png"; sourceTree = "<group>"; };
		CF51A78D2264480B007F3DAE /* Icon-App-29x29@1x.png */ = {isa = PBXFileReference; lastKnownFileType = image.png; path = "Icon-App-29x29@1x.png"; sourceTree = "<group>"; };
		CF51A78E2264480B007F3DAE /* Icon-App-40x40@1x.png */ = {isa = PBXFileReference; lastKnownFileType = image.png; path = "Icon-App-40x40@1x.png"; sourceTree = "<group>"; };
		CF51A78F2264480B007F3DAE /* Icon-App-20x20@1x.png */ = {isa = PBXFileReference; lastKnownFileType = image.png; path = "Icon-App-20x20@1x.png"; sourceTree = "<group>"; };
		CF51A7902264480B007F3DAE /* Icon-App-83.5x83.5@2x.png */ = {isa = PBXFileReference; lastKnownFileType = image.png; path = "Icon-App-83.5x83.5@2x.png"; sourceTree = "<group>"; };
		CF51A7912264480B007F3DAE /* Icon-App-20x20@3x.png */ = {isa = PBXFileReference; lastKnownFileType = image.png; path = "Icon-App-20x20@3x.png"; sourceTree = "<group>"; };
		CF51A7922264480B007F3DAE /* ItunesArtwork@2x.png */ = {isa = PBXFileReference; lastKnownFileType = image.png; path = "ItunesArtwork@2x.png"; sourceTree = "<group>"; };
		CF51A7932264480B007F3DAE /* Contents.json */ = {isa = PBXFileReference; fileEncoding = 4; lastKnownFileType = text.json; path = Contents.json; sourceTree = "<group>"; };
		CF51A7942264480B007F3DAE /* Icon-App-20x20@2x.png */ = {isa = PBXFileReference; lastKnownFileType = image.png; path = "Icon-App-20x20@2x.png"; sourceTree = "<group>"; };
		CF51A7952264480B007F3DAE /* Icon-App-29x29@3x.png */ = {isa = PBXFileReference; lastKnownFileType = image.png; path = "Icon-App-29x29@3x.png"; sourceTree = "<group>"; };
		CF51A7962264480B007F3DAE /* Icon-App-40x40@2x.png */ = {isa = PBXFileReference; lastKnownFileType = image.png; path = "Icon-App-40x40@2x.png"; sourceTree = "<group>"; };
		CF51A7972264480B007F3DAE /* Icon-App-60x60@3x.png */ = {isa = PBXFileReference; lastKnownFileType = image.png; path = "Icon-App-60x60@3x.png"; sourceTree = "<group>"; };
		CF51A7982264480B007F3DAE /* Icon-App-60x60@2x.png */ = {isa = PBXFileReference; lastKnownFileType = image.png; path = "Icon-App-60x60@2x.png"; sourceTree = "<group>"; };
		CF51A7992264480B007F3DAE /* Icon-App-76x76@1x.png */ = {isa = PBXFileReference; lastKnownFileType = image.png; path = "Icon-App-76x76@1x.png"; sourceTree = "<group>"; };
		CF51A79A2264480B007F3DAE /* Icon-App-40x40@3x.png */ = {isa = PBXFileReference; lastKnownFileType = image.png; path = "Icon-App-40x40@3x.png"; sourceTree = "<group>"; };
		CF51A79B2264480B007F3DAE /* Icon-App-29x29@2x.png */ = {isa = PBXFileReference; lastKnownFileType = image.png; path = "Icon-App-29x29@2x.png"; sourceTree = "<group>"; };
		CF51A79C2264480B007F3DAE /* iTunesArtwork@2x.png */ = {isa = PBXFileReference; lastKnownFileType = image.png; path = "iTunesArtwork@2x.png"; sourceTree = "<group>"; };
		CF51A79D2264480B007F3DAE /* iTunesArtwork@3x.png */ = {isa = PBXFileReference; lastKnownFileType = image.png; path = "iTunesArtwork@3x.png"; sourceTree = "<group>"; };
		CF51A79E2264480B007F3DAE /* SynchronossCodingChallengeIcon.sketch */ = {isa = PBXFileReference; lastKnownFileType = file; path = SynchronossCodingChallengeIcon.sketch; sourceTree = "<group>"; };
		CF9ECCCF2263CF4700114FE7 /* synchronoss-challenge.app */ = {isa = PBXFileReference; explicitFileType = wrapper.application; includeInIndex = 0; path = "synchronoss-challenge.app"; sourceTree = BUILT_PRODUCTS_DIR; };
		CF9ECCD22263CF4700114FE7 /* AppDelegate.swift */ = {isa = PBXFileReference; lastKnownFileType = sourcecode.swift; path = AppDelegate.swift; sourceTree = "<group>"; };
		CF9ECCD42263CF4700114FE7 /* StationsVC.swift */ = {isa = PBXFileReference; lastKnownFileType = sourcecode.swift; path = StationsVC.swift; sourceTree = "<group>"; };
		CF9ECCD72263CF4700114FE7 /* Base */ = {isa = PBXFileReference; lastKnownFileType = file.storyboard; name = Base; path = Base.lproj/Main.storyboard; sourceTree = "<group>"; };
		CF9ECCD92263CF4700114FE7 /* Assets.xcassets */ = {isa = PBXFileReference; lastKnownFileType = folder.assetcatalog; path = Assets.xcassets; sourceTree = "<group>"; };
		CF9ECCDC2263CF4700114FE7 /* Base */ = {isa = PBXFileReference; lastKnownFileType = file.storyboard; name = Base; path = Base.lproj/LaunchScreen.storyboard; sourceTree = "<group>"; };
		CF9ECCDE2263CF4700114FE7 /* Info.plist */ = {isa = PBXFileReference; lastKnownFileType = text.plist.xml; path = Info.plist; sourceTree = "<group>"; };
		CF9ECCEF2263E05300114FE7 /* BackendAPI.swift */ = {isa = PBXFileReference; lastKnownFileType = sourcecode.swift; path = BackendAPI.swift; sourceTree = "<group>"; };
		CF9ECCF22263ECEB00114FE7 /* Station.swift */ = {isa = PBXFileReference; lastKnownFileType = sourcecode.swift; path = Station.swift; sourceTree = "<group>"; };
		CF9ECCF42263ED8B00114FE7 /* XMLIndexer+XMLIndexerDeserializable.swift */ = {isa = PBXFileReference; fileEncoding = 4; lastKnownFileType = sourcecode.swift; path = "XMLIndexer+XMLIndexerDeserializable.swift"; sourceTree = "<group>"; };
		CF9ECCF52263ED8B00114FE7 /* SWXMLHash.swift */ = {isa = PBXFileReference; fileEncoding = 4; lastKnownFileType = sourcecode.swift; path = SWXMLHash.swift; sourceTree = "<group>"; };
		CF9ECCF82263ED9900114FE7 /* shim.swift */ = {isa = PBXFileReference; fileEncoding = 4; lastKnownFileType = sourcecode.swift; path = shim.swift; sourceTree = "<group>"; };
		CF9ECCFB2263EF6200114FE7 /* StationsViewModel.swift */ = {isa = PBXFileReference; lastKnownFileType = sourcecode.swift; path = StationsViewModel.swift; sourceTree = "<group>"; };
		CF9ECCFE2263FB0400114FE7 /* stationsTVCell.swift */ = {isa = PBXFileReference; lastKnownFileType = sourcecode.swift; path = stationsTVCell.swift; sourceTree = "<group>"; };
		CF9ECCFF2263FB0400114FE7 /* stationsTVCell.xib */ = {isa = PBXFileReference; lastKnownFileType = file.xib; path = stationsTVCell.xib; sourceTree = "<group>"; };
		CF9ECD032264094A00114FE7 /* StationsDetailsVC.swift */ = {isa = PBXFileReference; lastKnownFileType = sourcecode.swift; path = StationsDetailsVC.swift; sourceTree = "<group>"; };
		CF9ECD0522641E2100114FE7 /* StationsDetailsViewModel.swift */ = {isa = PBXFileReference; lastKnownFileType = sourcecode.swift; path = StationsDetailsViewModel.swift; sourceTree = "<group>"; };
		CF9ECD08226421EB00114FE7 /* Extensions.swift */ = {isa = PBXFileReference; lastKnownFileType = sourcecode.swift; path = Extensions.swift; sourceTree = "<group>"; };
		CF9ECD0A22642D0600114FE7 /* README.md */ = {isa = PBXFileReference; lastKnownFileType = net.daringfireball.markdown; path = README.md; sourceTree = "<group>"; };
/* End PBXFileReference section */

/* Begin PBXFrameworksBuildPhase section */
		CF9ECCCC2263CF4700114FE7 /* Frameworks */ = {
			isa = PBXFrameworksBuildPhase;
			buildActionMask = 2147483647;
			files = (
			);
			runOnlyForDeploymentPostprocessing = 0;
		};
/* End PBXFrameworksBuildPhase section */

/* Begin PBXGroup section */
		CF51A7782264319B007F3DAE /* Stations Details Cell */ = {
			isa = PBXGroup;
			children = (
				CF51A779226431BE007F3DAE /* stationDetailsTVCell.swift */,
				CF51A77A226431BE007F3DAE /* stationDetailsTVCell.xib */,
			);
			path = "Stations Details Cell";
			sourceTree = "<group>";
		};
		CF51A77F226447FF007F3DAE /* Screenshots */ = {
			isa = PBXGroup;
			children = (
				CF51A780226447FF007F3DAE /* Simulator Screen Shot - iPhone Xs - 2019-04-15 at 00.58.04.png */,
				CF51A781226447FF007F3DAE /* img2.png */,
				CF51A782226447FF007F3DAE /* img1.png */,
			);
			path = Screenshots;
			sourceTree = "<group>";
		};
		CF51A7862264480B007F3DAE /* logo */ = {
			isa = PBXGroup;
			children = (
				CF51A7872264480B007F3DAE /* SynchronossCodingChallengeIcon */,
			);
			path = logo;
			sourceTree = "<group>";
		};
		CF51A7872264480B007F3DAE /* SynchronossCodingChallengeIcon */ = {
			isa = PBXGroup;
			children = (
				CF51A7882264480B007F3DAE /* synchronossChallengeIcon.png */,
				CF51A7892264480B007F3DAE /* ios */,
				CF51A79E2264480B007F3DAE /* SynchronossCodingChallengeIcon.sketch */,
			);
			path = SynchronossCodingChallengeIcon;
			sourceTree = "<group>";
		};
		CF51A7892264480B007F3DAE /* ios */ = {
			isa = PBXGroup;
			children = (
				CF51A78A2264480B007F3DAE /* iTunesArtwork@1x.png */,
				CF51A78B2264480B007F3DAE /* AppIcon.appiconset */,
				CF51A79C2264480B007F3DAE /* iTunesArtwork@2x.png */,
				CF51A79D2264480B007F3DAE /* iTunesArtwork@3x.png */,
			);
			path = ios;
			sourceTree = "<group>";
		};
		CF51A78B2264480B007F3DAE /* AppIcon.appiconset */ = {
			isa = PBXGroup;
			children = (
				CF51A78C2264480B007F3DAE /* Icon-App-76x76@2x.png */,
				CF51A78D2264480B007F3DAE /* Icon-App-29x29@1x.png */,
				CF51A78E2264480B007F3DAE /* Icon-App-40x40@1x.png */,
				CF51A78F2264480B007F3DAE /* Icon-App-20x20@1x.png */,
				CF51A7902264480B007F3DAE /* Icon-App-83.5x83.5@2x.png */,
				CF51A7912264480B007F3DAE /* Icon-App-20x20@3x.png */,
				CF51A7922264480B007F3DAE /* ItunesArtwork@2x.png */,
				CF51A7932264480B007F3DAE /* Contents.json */,
				CF51A7942264480B007F3DAE /* Icon-App-20x20@2x.png */,
				CF51A7952264480B007F3DAE /* Icon-App-29x29@3x.png */,
				CF51A7962264480B007F3DAE /* Icon-App-40x40@2x.png */,
				CF51A7972264480B007F3DAE /* Icon-App-60x60@3x.png */,
				CF51A7982264480B007F3DAE /* Icon-App-60x60@2x.png */,
				CF51A7992264480B007F3DAE /* Icon-App-76x76@1x.png */,
				CF51A79A2264480B007F3DAE /* Icon-App-40x40@3x.png */,
				CF51A79B2264480B007F3DAE /* Icon-App-29x29@2x.png */,
			);
			path = AppIcon.appiconset;
			sourceTree = "<group>";
		};
		CF9ECCC62263CF4700114FE7 = {
			isa = PBXGroup;
			children = (
				CF9ECD0A22642D0600114FE7 /* README.md */,
				CF51A7862264480B007F3DAE /* logo */,
				CF51A77F226447FF007F3DAE /* Screenshots */,
				CF9ECCD12263CF4700114FE7 /* synchronoss-challenge */,
				CF9ECCD02263CF4700114FE7 /* Products */,
			);
			sourceTree = "<group>";
		};
		CF9ECCD02263CF4700114FE7 /* Products */ = {
			isa = PBXGroup;
			children = (
				CF9ECCCF2263CF4700114FE7 /* synchronoss-challenge.app */,
			);
			name = Products;
			sourceTree = "<group>";
		};
		CF9ECCD12263CF4700114FE7 /* synchronoss-challenge */ = {
			isa = PBXGroup;
			children = (
				CF9ECCD22263CF4700114FE7 /* AppDelegate.swift */,
				CF9ECD07226421E000114FE7 /* Extensions */,
				CF9ECCF12263ECE200114FE7 /* Models */,
				CF9ECCEE2263E01800114FE7 /* API */,
				CF9ECCEA2263DE8E00114FE7 /* Frameworks */,
				CF9ECCE82263CFA900114FE7 /* View Controllers */,
				CF9ECCE72263CF9D00114FE7 /* ViewModels */,
				CF9ECCE52263CF5C00114FE7 /* Resources */,
				CF9ECCE42263CF4E00114FE7 /* Storyboards */,
				CF9ECCFD2263FAEA00114FE7 /* Cells */,
			);
			path = "synchronoss-challenge";
			sourceTree = "<group>";
		};
		CF9ECCE42263CF4E00114FE7 /* Storyboards */ = {
			isa = PBXGroup;
			children = (
				CF9ECCD62263CF4700114FE7 /* Main.storyboard */,
				CF9ECCDB2263CF4700114FE7 /* LaunchScreen.storyboard */,
			);
			path = Storyboards;
			sourceTree = "<group>";
		};
		CF9ECCE52263CF5C00114FE7 /* Resources */ = {
			isa = PBXGroup;
			children = (
				CF9ECCE62263CF8700114FE7 /* Images */,
				CF9ECCDE2263CF4700114FE7 /* Info.plist */,
			);
			path = Resources;
			sourceTree = "<group>";
		};
		CF9ECCE62263CF8700114FE7 /* Images */ = {
			isa = PBXGroup;
			children = (
				CF9ECCD92263CF4700114FE7 /* Assets.xcassets */,
			);
			path = Images;
			sourceTree = "<group>";
		};
		CF9ECCE72263CF9D00114FE7 /* ViewModels */ = {
			isa = PBXGroup;
			children = (
				CF9ECCFB2263EF6200114FE7 /* StationsViewModel.swift */,
				CF9ECD0522641E2100114FE7 /* StationsDetailsViewModel.swift */,
			);
			path = ViewModels;
			sourceTree = "<group>";
		};
		CF9ECCE82263CFA900114FE7 /* View Controllers */ = {
			isa = PBXGroup;
			children = (
				CF9ECCD42263CF4700114FE7 /* StationsVC.swift */,
				CF9ECD032264094A00114FE7 /* StationsDetailsVC.swift */,
			);
			path = "View Controllers";
			sourceTree = "<group>";
		};
		CF9ECCEA2263DE8E00114FE7 /* Frameworks */ = {
			isa = PBXGroup;
			children = (
				CF9ECCFA2263EDA400114FE7 /* SWXMLHash */,
			);
			path = Frameworks;
			sourceTree = "<group>";
		};
		CF9ECCEE2263E01800114FE7 /* API */ = {
			isa = PBXGroup;
			children = (
				CF9ECCEF2263E05300114FE7 /* BackendAPI.swift */,
			);
			path = API;
			sourceTree = "<group>";
		};
		CF9ECCF12263ECE200114FE7 /* Models */ = {
			isa = PBXGroup;
			children = (
				CF9ECCF22263ECEB00114FE7 /* Station.swift */,
				CF51A77D22643357007F3DAE /* StationDetail.swift */,
			);
			path = Models;
			sourceTree = "<group>";
		};
		CF9ECCFA2263EDA400114FE7 /* SWXMLHash */ = {
			isa = PBXGroup;
			children = (
				CF9ECCF82263ED9900114FE7 /* shim.swift */,
				CF9ECCF52263ED8B00114FE7 /* SWXMLHash.swift */,
				CF9ECCF42263ED8B00114FE7 /* XMLIndexer+XMLIndexerDeserializable.swift */,
			);
			path = SWXMLHash;
			sourceTree = "<group>";
		};
		CF9ECCFD2263FAEA00114FE7 /* Cells */ = {
			isa = PBXGroup;
			children = (
				CF9ECD022263FB0B00114FE7 /* Stations Cell */,
				CF51A7782264319B007F3DAE /* Stations Details Cell */,
			);
			path = Cells;
			sourceTree = "<group>";
		};
		CF9ECD022263FB0B00114FE7 /* Stations Cell */ = {
			isa = PBXGroup;
			children = (
				CF9ECCFE2263FB0400114FE7 /* stationsTVCell.swift */,
				CF9ECCFF2263FB0400114FE7 /* stationsTVCell.xib */,
			);
			path = "Stations Cell";
			sourceTree = "<group>";
		};
		CF9ECD07226421E000114FE7 /* Extensions */ = {
			isa = PBXGroup;
			children = (
				CF9ECD08226421EB00114FE7 /* Extensions.swift */,
			);
			path = Extensions;
			sourceTree = "<group>";
		};
/* End PBXGroup section */

/* Begin PBXNativeTarget section */
		CF9ECCCE2263CF4700114FE7 /* synchronoss-challenge */ = {
			isa = PBXNativeTarget;
			buildConfigurationList = CF9ECCE12263CF4700114FE7 /* Build configuration list for PBXNativeTarget "synchronoss-challenge" */;
			buildPhases = (
				CF9ECCCB2263CF4700114FE7 /* Sources */,
				CF9ECCCC2263CF4700114FE7 /* Frameworks */,
				CF9ECCCD2263CF4700114FE7 /* Resources */,
			);
			buildRules = (
			);
			dependencies = (
			);
			name = "synchronoss-challenge";
			productName = "synchronoss-challenge";
			productReference = CF9ECCCF2263CF4700114FE7 /* synchronoss-challenge.app */;
			productType = "com.apple.product-type.application";
		};
/* End PBXNativeTarget section */

/* Begin PBXProject section */
		CF9ECCC72263CF4700114FE7 /* Project object */ = {
			isa = PBXProject;
			attributes = {
				LastSwiftUpdateCheck = 1020;
				LastUpgradeCheck = 1020;
				ORGANIZATIONNAME = "Afnan Mirza";
				TargetAttributes = {
					CF9ECCCE2263CF4700114FE7 = {
						CreatedOnToolsVersion = 10.2;
					};
				};
			};
			buildConfigurationList = CF9ECCCA2263CF4700114FE7 /* Build configuration list for PBXProject "synchronoss-challenge" */;
			compatibilityVersion = "Xcode 9.3";
			developmentRegion = en;
			hasScannedForEncodings = 0;
			knownRegions = (
				en,
				Base,
			);
			mainGroup = CF9ECCC62263CF4700114FE7;
			productRefGroup = CF9ECCD02263CF4700114FE7 /* Products */;
			projectDirPath = "";
			projectRoot = "";
			targets = (
				CF9ECCCE2263CF4700114FE7 /* synchronoss-challenge */,
			);
		};
/* End PBXProject section */

/* Begin PBXResourcesBuildPhase section */
		CF9ECCCD2263CF4700114FE7 /* Resources */ = {
			isa = PBXResourcesBuildPhase;
			buildActionMask = 2147483647;
			files = (
				CF9ECCDD2263CF4700114FE7 /* LaunchScreen.storyboard in Resources */,
				CF9ECCDA2263CF4700114FE7 /* Assets.xcassets in Resources */,
				CF51A7AA2264480B007F3DAE /* Icon-App-29x29@3x.png in Resources */,
				CF51A785226447FF007F3DAE /* img1.png in Resources */,
				CF51A7AB2264480B007F3DAE /* Icon-App-40x40@2x.png in Resources */,
				CF51A7B22264480B007F3DAE /* iTunesArtwork@3x.png in Resources */,
				CF51A784226447FF007F3DAE /* img2.png in Resources */,
				CF51A7A22264480B007F3DAE /* Icon-App-29x29@1x.png in Resources */,
				CF51A7AE2264480B007F3DAE /* Icon-App-76x76@1x.png in Resources */,
				CF51A783226447FF007F3DAE /* Simulator Screen Shot - iPhone Xs - 2019-04-15 at 00.58.04.png in Resources */,
				CF9ECD0B22642D0600114FE7 /* README.md in Resources */,
				CF51A79F2264480B007F3DAE /* synchronossChallengeIcon.png in Resources */,
				CF51A7A42264480B007F3DAE /* Icon-App-20x20@1x.png in Resources */,
				CF9ECD012263FB0400114FE7 /* stationsTVCell.xib in Resources */,
				CF51A7B32264480B007F3DAE /* SynchronossCodingChallengeIcon.sketch in Resources */,
				CF51A7A32264480B007F3DAE /* Icon-App-40x40@1x.png in Resources */,
				CF51A7A12264480B007F3DAE /* Icon-App-76x76@2x.png in Resources */,
				CF51A7AF2264480B007F3DAE /* Icon-App-40x40@3x.png in Resources */,
				CF9ECCD82263CF4700114FE7 /* Main.storyboard in Resources */,
				CF51A7B02264480B007F3DAE /* Icon-App-29x29@2x.png in Resources */,
				CF51A77C226431BE007F3DAE /* stationDetailsTVCell.xib in Resources */,
				CF51A7A52264480B007F3DAE /* Icon-App-83.5x83.5@2x.png in Resources */,
				CF51A7A02264480B007F3DAE /* iTunesArtwork@1x.png in Resources */,
				CF51A7AD2264480B007F3DAE /* Icon-App-60x60@2x.png in Resources */,
				CF51A7A62264480B007F3DAE /* Icon-App-20x20@3x.png in Resources */,
				CF51A7B12264480B007F3DAE /* iTunesArtwork@2x.png in Resources */,
				CF51A7A72264480B007F3DAE /* ItunesArtwork@2x.png in Resources */,
				CF51A7A92264480B007F3DAE /* Icon-App-20x20@2x.png in Resources */,
				CF51A7AC2264480B007F3DAE /* Icon-App-60x60@3x.png in Resources */,
				CF51A7A82264480B007F3DAE /* Contents.json in Resources */,
			);
			runOnlyForDeploymentPostprocessing = 0;
		};
/* End PBXResourcesBuildPhase section */

/* Begin PBXSourcesBuildPhase section */
		CF9ECCCB2263CF4700114FE7 /* Sources */ = {
			isa = PBXSourcesBuildPhase;
			buildActionMask = 2147483647;
			files = (
				CF9ECD0622641E2100114FE7 /* StationsDetailsViewModel.swift in Sources */,
				CF9ECCD52263CF4700114FE7 /* StationsVC.swift in Sources */,
				CF9ECCF72263ED8B00114FE7 /* SWXMLHash.swift in Sources */,
				CF9ECD002263FB0400114FE7 /* stationsTVCell.swift in Sources */,
				CF9ECCF32263ECEB00114FE7 /* Station.swift in Sources */,
				CF9ECCFC2263EF6200114FE7 /* StationsViewModel.swift in Sources */,
				CF9ECCF92263ED9900114FE7 /* shim.swift in Sources */,
				CF9ECD09226421EB00114FE7 /* Extensions.swift in Sources */,
				CF9ECD042264094A00114FE7 /* StationsDetailsVC.swift in Sources */,
				CF9ECCF02263E05300114FE7 /* BackendAPI.swift in Sources */,
				CF9ECCF62263ED8B00114FE7 /* XMLIndexer+XMLIndexerDeserializable.swift in Sources */,
				CF51A77E22643357007F3DAE /* StationDetail.swift in Sources */,
				CF9ECCD32263CF4700114FE7 /* AppDelegate.swift in Sources */,
				CF51A77B226431BE007F3DAE /* stationDetailsTVCell.swift in Sources */,
			);
			runOnlyForDeploymentPostprocessing = 0;
		};
/* End PBXSourcesBuildPhase section */

/* Begin PBXVariantGroup section */
		CF9ECCD62263CF4700114FE7 /* Main.storyboard */ = {
			isa = PBXVariantGroup;
			children = (
				CF9ECCD72263CF4700114FE7 /* Base */,
			);
			name = Main.storyboard;
			sourceTree = "<group>";
		};
		CF9ECCDB2263CF4700114FE7 /* LaunchScreen.storyboard */ = {
			isa = PBXVariantGroup;
			children = (
				CF9ECCDC2263CF4700114FE7 /* Base */,
			);
			name = LaunchScreen.storyboard;
			sourceTree = "<group>";
		};
/* End PBXVariantGroup section */

/* Begin XCBuildConfiguration section */
		CF9ECCDF2263CF4700114FE7 /* Debug */ = {
			isa = XCBuildConfiguration;
			buildSettings = {
				ALWAYS_SEARCH_USER_PATHS = NO;
				CLANG_ANALYZER_NONNULL = YES;
				CLANG_ANALYZER_NUMBER_OBJECT_CONVERSION = YES_AGGRESSIVE;
				CLANG_CXX_LANGUAGE_STANDARD = "gnu++14";
				CLANG_CXX_LIBRARY = "libc++";
				CLANG_ENABLE_MODULES = YES;
				CLANG_ENABLE_OBJC_ARC = YES;
				CLANG_ENABLE_OBJC_WEAK = YES;
				CLANG_WARN_BLOCK_CAPTURE_AUTORELEASING = YES;
				CLANG_WARN_BOOL_CONVERSION = YES;
				CLANG_WARN_COMMA = YES;
				CLANG_WARN_CONSTANT_CONVERSION = YES;
				CLANG_WARN_DEPRECATED_OBJC_IMPLEMENTATIONS = YES;
				CLANG_WARN_DIRECT_OBJC_ISA_USAGE = YES_ERROR;
				CLANG_WARN_DOCUMENTATION_COMMENTS = YES;
				CLANG_WARN_EMPTY_BODY = YES;
				CLANG_WARN_ENUM_CONVERSION = YES;
				CLANG_WARN_INFINITE_RECURSION = YES;
				CLANG_WARN_INT_CONVERSION = YES;
				CLANG_WARN_NON_LITERAL_NULL_CONVERSION = YES;
				CLANG_WARN_OBJC_IMPLICIT_RETAIN_SELF = YES;
				CLANG_WARN_OBJC_LITERAL_CONVERSION = YES;
				CLANG_WARN_OBJC_ROOT_CLASS = YES_ERROR;
				CLANG_WARN_RANGE_LOOP_ANALYSIS = YES;
				CLANG_WARN_STRICT_PROTOTYPES = YES;
				CLANG_WARN_SUSPICIOUS_MOVE = YES;
				CLANG_WARN_UNGUARDED_AVAILABILITY = YES_AGGRESSIVE;
				CLANG_WARN_UNREACHABLE_CODE = YES;
				CLANG_WARN__DUPLICATE_METHOD_MATCH = YES;
				CODE_SIGN_IDENTITY = "iPhone Developer";
				COPY_PHASE_STRIP = NO;
				DEBUG_INFORMATION_FORMAT = dwarf;
				ENABLE_STRICT_OBJC_MSGSEND = YES;
				ENABLE_TESTABILITY = YES;
				GCC_C_LANGUAGE_STANDARD = gnu11;
				GCC_DYNAMIC_NO_PIC = NO;
				GCC_NO_COMMON_BLOCKS = YES;
				GCC_OPTIMIZATION_LEVEL = 0;
				GCC_PREPROCESSOR_DEFINITIONS = (
					"DEBUG=1",
					"$(inherited)",
				);
				GCC_WARN_64_TO_32_BIT_CONVERSION = YES;
				GCC_WARN_ABOUT_RETURN_TYPE = YES_ERROR;
				GCC_WARN_UNDECLARED_SELECTOR = YES;
				GCC_WARN_UNINITIALIZED_AUTOS = YES_AGGRESSIVE;
				GCC_WARN_UNUSED_FUNCTION = YES;
				GCC_WARN_UNUSED_VARIABLE = YES;
				IPHONEOS_DEPLOYMENT_TARGET = 12.2;
				MTL_ENABLE_DEBUG_INFO = INCLUDE_SOURCE;
				MTL_FAST_MATH = YES;
				ONLY_ACTIVE_ARCH = YES;
				SDKROOT = iphoneos;
				SWIFT_ACTIVE_COMPILATION_CONDITIONS = DEBUG;
				SWIFT_OPTIMIZATION_LEVEL = "-Onone";
			};
			name = Debug;
		};
		CF9ECCE02263CF4700114FE7 /* Release */ = {
			isa = XCBuildConfiguration;
			buildSettings = {
				ALWAYS_SEARCH_USER_PATHS = NO;
				CLANG_ANALYZER_NONNULL = YES;
				CLANG_ANALYZER_NUMBER_OBJECT_CONVERSION = YES_AGGRESSIVE;
				CLANG_CXX_LANGUAGE_STANDARD = "gnu++14";
				CLANG_CXX_LIBRARY = "libc++";
				CLANG_ENABLE_MODULES = YES;
				CLANG_ENABLE_OBJC_ARC = YES;
				CLANG_ENABLE_OBJC_WEAK = YES;
				CLANG_WARN_BLOCK_CAPTURE_AUTORELEASING = YES;
				CLANG_WARN_BOOL_CONVERSION = YES;
				CLANG_WARN_COMMA = YES;
				CLANG_WARN_CONSTANT_CONVERSION = YES;
				CLANG_WARN_DEPRECATED_OBJC_IMPLEMENTATIONS = YES;
				CLANG_WARN_DIRECT_OBJC_ISA_USAGE = YES_ERROR;
				CLANG_WARN_DOCUMENTATION_COMMENTS = YES;
				CLANG_WARN_EMPTY_BODY = YES;
				CLANG_WARN_ENUM_CONVERSION = YES;
				CLANG_WARN_INFINITE_RECURSION = YES;
				CLANG_WARN_INT_CONVERSION = YES;
				CLANG_WARN_NON_LITERAL_NULL_CONVERSION = YES;
				CLANG_WARN_OBJC_IMPLICIT_RETAIN_SELF = YES;
				CLANG_WARN_OBJC_LITERAL_CONVERSION = YES;
				CLANG_WARN_OBJC_ROOT_CLASS = YES_ERROR;
				CLANG_WARN_RANGE_LOOP_ANALYSIS = YES;
				CLANG_WARN_STRICT_PROTOTYPES = YES;
				CLANG_WARN_SUSPICIOUS_MOVE = YES;
				CLANG_WARN_UNGUARDED_AVAILABILITY = YES_AGGRESSIVE;
				CLANG_WARN_UNREACHABLE_CODE = YES;
				CLANG_WARN__DUPLICATE_METHOD_MATCH = YES;
				CODE_SIGN_IDENTITY = "iPhone Developer";
				COPY_PHASE_STRIP = NO;
				DEBUG_INFORMATION_FORMAT = "dwarf-with-dsym";
				ENABLE_NS_ASSERTIONS = NO;
				ENABLE_STRICT_OBJC_MSGSEND = YES;
				GCC_C_LANGUAGE_STANDARD = gnu11;
				GCC_NO_COMMON_BLOCKS = YES;
				GCC_WARN_64_TO_32_BIT_CONVERSION = YES;
				GCC_WARN_ABOUT_RETURN_TYPE = YES_ERROR;
				GCC_WARN_UNDECLARED_SELECTOR = YES;
				GCC_WARN_UNINITIALIZED_AUTOS = YES_AGGRESSIVE;
				GCC_WARN_UNUSED_FUNCTION = YES;
				GCC_WARN_UNUSED_VARIABLE = YES;
				IPHONEOS_DEPLOYMENT_TARGET = 12.2;
				MTL_ENABLE_DEBUG_INFO = NO;
				MTL_FAST_MATH = YES;
				SDKROOT = iphoneos;
				SWIFT_COMPILATION_MODE = wholemodule;
				SWIFT_OPTIMIZATION_LEVEL = "-O";
				VALIDATE_PRODUCT = YES;
			};
			name = Release;
		};
		CF9ECCE22263CF4700114FE7 /* Debug */ = {
			isa = XCBuildConfiguration;
			buildSettings = {
				ASSETCATALOG_COMPILER_APPICON_NAME = AppIcon;
				CODE_SIGN_STYLE = Automatic;
				DEVELOPMENT_TEAM = 6352S4H426;
				INFOPLIST_FILE = "$(SRCROOT)/synchronoss-challenge/Resources/Info.plist";
				LD_RUNPATH_SEARCH_PATHS = (
					"$(inherited)",
					"@executable_path/Frameworks",
				);
				PRODUCT_BUNDLE_IDENTIFIER = "com.afnanmirza.synchronoss-challenge";
				PRODUCT_NAME = "$(TARGET_NAME)";
				SWIFT_VERSION = 5.0;
				TARGETED_DEVICE_FAMILY = "1,2";
			};
			name = Debug;
		};
		CF9ECCE32263CF4700114FE7 /* Release */ = {
			isa = XCBuildConfiguration;
			buildSettings = {
				ASSETCATALOG_COMPILER_APPICON_NAME = AppIcon;
				CODE_SIGN_STYLE = Automatic;
				DEVELOPMENT_TEAM = 6352S4H426;
				INFOPLIST_FILE = "$(SRCROOT)/synchronoss-challenge/Resources/Info.plist";
				LD_RUNPATH_SEARCH_PATHS = (
					"$(inherited)",
					"@executable_path/Frameworks",
				);
				PRODUCT_BUNDLE_IDENTIFIER = "com.afnanmirza.synchronoss-challenge";
				PRODUCT_NAME = "$(TARGET_NAME)";
				SWIFT_VERSION = 5.0;
				TARGETED_DEVICE_FAMILY = "1,2";
			};
			name = Release;
		};
/* End XCBuildConfiguration section */

/* Begin XCConfigurationList section */
		CF9ECCCA2263CF4700114FE7 /* Build configuration list for PBXProject "synchronoss-challenge" */ = {
			isa = XCConfigurationList;
			buildConfigurations = (
				CF9ECCDF2263CF4700114FE7 /* Debug */,
				CF9ECCE02263CF4700114FE7 /* Release */,
			);
			defaultConfigurationIsVisible = 0;
			defaultConfigurationName = Release;
		};
		CF9ECCE12263CF4700114FE7 /* Build configuration list for PBXNativeTarget "synchronoss-challenge" */ = {
			isa = XCConfigurationList;
			buildConfigurations = (
				CF9ECCE22263CF4700114FE7 /* Debug */,
				CF9ECCE32263CF4700114FE7 /* Release */,
			);
			defaultConfigurationIsVisible = 0;
			defaultConfigurationName = Release;
		};
/* End XCConfigurationList section */
	};
	rootObject = CF9ECCC72263CF4700114FE7 /* Project object */;
}
